cloud.google.com/go v0.6.0 h1:kJbl934swXOh7EPZrUFGWUvADbO1DPMN5SHB77fcdMw=
cloud.google.com/go v0.6.0/go.mod h1:aQUYkXzVsufM+DwF1aE+0xfcU+56JwCaLick0ClmMTw=
github.com/golang/protobuf v0.0.0-20170217234432-69b215d01a56 h1:i2EQlrDjHdBwt1vVWTmCCw9scBgrSxxF/KWs//OHQcY=
github.com/golang/protobuf v0.0.0-20170217234432-69b215d01a56/go.mod h1:6lQm79b+lXiMfvg/cZm0SGofjICqVBUtrP5yJMmIC1U=
github.com/googleapis/gax-go v0.0.0-20161107002406-da06d194a00e h1:CYRpN206UTHUinz3VJoLaBdy1gEGeJNsqT0mvswDcMw=
github.com/googleapis/gax-go v0.0.0-20161107002406-da06d194a00e/go.mod h1:SFVmujtThgffbyetf+mdk2eWhX2bMyUtNHzFKcPA9HY=
github.com/replaygaming/consumer v0.0.0-20170207112044-33f730ad2bd4 h1:oG2gqIOwgz/ZCe0W/zfFxJCVP9h6llTRV7kkLg/whZY=
github.com/replaygaming/consumer v0.0.0-20170207112044-33f730ad2bd4/go.mod h1:Zw+Tf/TVPn1xjeYEnpbclQQqVerKD8xJmZq6UBG17lQ=
github.com/replaygaming/eventsource v1.0.0 h1:a5mmmXc/yFqQoJPecJeXbbOAx5P9BtrMvA2idOmc65k=
github.com/replaygaming/eventsource v1.0.0/go.mod h1:8WdFIoExB4V/4AeBzZ4Jvt02z3jhFFC6IJ3SzYxNTEw=
github.com/replaygaming/go-eventsource v1.3.4 h1:/1VYfjytNl7mJGxVWboLDuiy5UXNIC5uOuI4qWr2T34=
github.com/replaygaming/go-eventsource v1.3.4/go.mod h1:7aAiZ+yTXZQK4AP7pLG0sqAOigX4vEH2HsFvwjIFpNI=
golang.org/x/net v0.0.0-20170218080159-6b27048ae5e6 h1:Agpc12X5pbpTXX9bp529VUXGvQJSyb7FRCHqYUXp/FQ=
golang.org/x/net v0.0.0-20170218080159-6b27048ae5e6/go.mod h1:mL1N/T3taQHkDXs73rZJwtUhF3w3ftmwwsq0BUmARs4=
golang.org/x/oauth2 v0.0.0-20170214231824-b9780ec78894 h1:0B6wMEHW7F6Hzd0UV/jBov9bd6ssDnN5pIJokDjMxh8=
golang.org/x/oauth2 v0.0.0-20170214231824-b9780ec78894/go.mod h1:N/0e6XlmueqKjAGxoOufVs8QHGRruUQn6yWY3a++T0U=
golang.org/x/sync v0.0.0-20190911185100-cd5d95a43a6e h1:vcxGaoTs7kV8m5Np9uUNQin4BrLOthgV7252N8V+FwY=
golang.org/x/sync v0.0.0-20190911185100-cd5d95a43a6e/go.mod h1:RxMgew5VJxzue5/jJTE5uejpjVlOe/izrB70Jof72aM=
google.golang.org/api v0.0.0-20170214011559-bc20c61134e1 h1:WWYfopj3wRPvlH+MDzofFqAjzzAV0OWiOxTyl9+W0GE=
google.golang.org/api v0.0.0-20170214011559-bc20c61134e1/go.mod h1:4mhQ8q/RsB7i+udVvVy5NUi08OU8ZlA0gRVgrF7VFY0=
google.golang.org/appengine v1.0.1-0.20170206203024-2e4a801b39fc h1:/VptPD7on9gLG0uID5zYhnk2DLAMJQeCjXZBSKdGRTE=
google.golang.org/appengine v1.0.1-0.20170206203024-2e4a801b39fc/go.mod h1:EbEs0AVv82hx2wNQdGPgUI5lhzA/G0D9YwlJXL52JkM=
google.golang.org/genproto v0.0.0-20170214170613-dee11a626cb8 h1:72Aa8Rp7K4q3CQdVN/O2KEDyHey4ZMCU4LMHJ4o5UDw=
google.golang.org/genproto v0.0.0-20170214170613-dee11a626cb8/go.mod h1:JiN7NxoALGmiZfu7CAH4rXhgtRTLTxftemlI0sWmxmc=
google.golang.org/grpc v1.0.6-0.20170221215214-20633fa172ac h1:8JSbVlgpl/qEs9YgIeg8jEKtDN/mK7866LVumT2gmrI=
google.golang.org/grpc v1.0.6-0.20170221215214-20633fa172ac/go.mod h1:yo6s7OP7yaDglbqo1J04qKzAhqBH6lvTonzMVmEdcZw=
